// !$*UTF8*$!
{
	archiveVersion = 1;
	classes = {
	};
	objectVersion = 77;
	objects = {

/* Begin PBXBuildFile section */
		058566062E350E0100F0A2D6 /* ComposableArchitecture in Frameworks */ = {isa = PBXBuildFile; productRef = 058566052E350E0100F0A2D6 /* ComposableArchitecture */; };
		058566232E35C68300F0A2D6 /* ComposableArchitecture in Frameworks */ = {isa = PBXBuildFile; productRef = 058566222E35C68300F0A2D6 /* ComposableArchitecture */; };
		05A0F2012E31EA8C0063A555 /* ComposableArchitecture in Frameworks */ = {isa = PBXBuildFile; productRef = 05A0F2002E31EA8C0063A555 /* ComposableArchitecture */; };
/* End PBXBuildFile section */

/* Begin PBXContainerItemProxy section */
		0585660F2E35BE9D00F0A2D6 /* PBXContainerItemProxy */ = {
			isa = PBXContainerItemProxy;
			containerPortal = 05A0F1E92E31E9A60063A555 /* Project object */;
			proxyType = 1;
			remoteGlobalIDString = 058565F02E35092E00F0A2D6;
			remoteInfo = PaymentProjectMVVM;
		};
		0585661C2E35C66900F0A2D6 /* PBXContainerItemProxy */ = {
			isa = PBXContainerItemProxy;
			containerPortal = 05A0F1E92E31E9A60063A555 /* Project object */;
			proxyType = 1;
			remoteGlobalIDString = 05A0F1F02E31E9A60063A555;
			remoteInfo = PaymentProjectTCA;
		};
/* End PBXContainerItemProxy section */

/* Begin PBXFileReference section */
		058565F12E35092E00F0A2D6 /* PaymentProjectMVVM.app */ = {isa = PBXFileReference; explicitFileType = wrapper.application; includeInIndex = 0; path = PaymentProjectMVVM.app; sourceTree = BUILT_PRODUCTS_DIR; };
		0585660B2E35BE9D00F0A2D6 /* PaymentProjectMVVMTests.xctest */ = {isa = PBXFileReference; explicitFileType = wrapper.cfbundle; includeInIndex = 0; path = PaymentProjectMVVMTests.xctest; sourceTree = BUILT_PRODUCTS_DIR; };
		058566182E35C66900F0A2D6 /* PaymentProjectTCATests.xctest */ = {isa = PBXFileReference; explicitFileType = wrapper.cfbundle; includeInIndex = 0; path = PaymentProjectTCATests.xctest; sourceTree = BUILT_PRODUCTS_DIR; };
		05A0F1F12E31E9A60063A555 /* PaymentProjectTCA.app */ = {isa = PBXFileReference; explicitFileType = wrapper.application; includeInIndex = 0; path = PaymentProjectTCA.app; sourceTree = BUILT_PRODUCTS_DIR; };
/* End PBXFileReference section */

/* Begin PBXFileSystemSynchronizedBuildFileExceptionSet section */
		058566042E350BD600F0A2D6 /* Exceptions for "PaymentProjectTCA" folder in "PaymentProjectMVVM" target */ = {
			isa = PBXFileSystemSynchronizedBuildFileExceptionSet;
			membershipExceptions = (
				Features/Images/Models/ImagesContainer.swift,
			);
			target = 058565F02E35092E00F0A2D6 /* PaymentProjectMVVM */;
		};
/* End PBXFileSystemSynchronizedBuildFileExceptionSet section */

/* Begin PBXFileSystemSynchronizedRootGroup section */
		058565F22E35092E00F0A2D6 /* PaymentProjectMVVM */ = {
			isa = PBXFileSystemSynchronizedRootGroup;
			path = PaymentProjectMVVM;
			sourceTree = "<group>";
		};
		0585660C2E35BE9D00F0A2D6 /* PaymentProjectMVVMTests */ = {
			isa = PBXFileSystemSynchronizedRootGroup;
			path = PaymentProjectMVVMTests;
			sourceTree = "<group>";
		};
		058566192E35C66900F0A2D6 /* PaymentProjectTCATests */ = {
			isa = PBXFileSystemSynchronizedRootGroup;
			path = PaymentProjectTCATests;
			sourceTree = "<group>";
		};
		05A0F1F32E31E9A60063A555 /* PaymentProjectTCA */ = {
			isa = PBXFileSystemSynchronizedRootGroup;
			exceptions = (
				058566042E350BD600F0A2D6 /* Exceptions for "PaymentProjectTCA" folder in "PaymentProjectMVVM" target */,
			);
			path = PaymentProjectTCA;
			sourceTree = "<group>";
		};
/* End PBXFileSystemSynchronizedRootGroup section */

/* Begin PBXFrameworksBuildPhase section */
		058565EE2E35092E00F0A2D6 /* Frameworks */ = {
			isa = PBXFrameworksBuildPhase;
			buildActionMask = 2147483647;
			files = (
				058566062E350E0100F0A2D6 /* ComposableArchitecture in Frameworks */,
			);
			runOnlyForDeploymentPostprocessing = 0;
		};
		058566082E35BE9D00F0A2D6 /* Frameworks */ = {
			isa = PBXFrameworksBuildPhase;
			buildActionMask = 2147483647;
			files = (
			);
			runOnlyForDeploymentPostprocessing = 0;
		};
		058566152E35C66900F0A2D6 /* Frameworks */ = {
			isa = PBXFrameworksBuildPhase;
			buildActionMask = 2147483647;
			files = (
				058566232E35C68300F0A2D6 /* ComposableArchitecture in Frameworks */,
			);
			runOnlyForDeploymentPostprocessing = 0;
		};
		05A0F1EE2E31E9A60063A555 /* Frameworks */ = {
			isa = PBXFrameworksBuildPhase;
			buildActionMask = 2147483647;
			files = (
				05A0F2012E31EA8C0063A555 /* ComposableArchitecture in Frameworks */,
			);
			runOnlyForDeploymentPostprocessing = 0;
		};
/* End PBXFrameworksBuildPhase section */

/* Begin PBXGroup section */
		058566212E35C68300F0A2D6 /* Frameworks */ = {
			isa = PBXGroup;
			children = (
			);
			name = Frameworks;
			sourceTree = "<group>";
		};
		05A0F1E82E31E9A60063A555 = {
			isa = PBXGroup;
			children = (
				05A0F1F32E31E9A60063A555 /* PaymentProjectTCA */,
				058565F22E35092E00F0A2D6 /* PaymentProjectMVVM */,
				0585660C2E35BE9D00F0A2D6 /* PaymentProjectMVVMTests */,
				058566192E35C66900F0A2D6 /* PaymentProjectTCATests */,
				058566212E35C68300F0A2D6 /* Frameworks */,
				05A0F1F22E31E9A60063A555 /* Products */,
			);
			sourceTree = "<group>";
		};
		05A0F1F22E31E9A60063A555 /* Products */ = {
			isa = PBXGroup;
			children = (
				05A0F1F12E31E9A60063A555 /* PaymentProjectTCA.app */,
				058565F12E35092E00F0A2D6 /* PaymentProjectMVVM.app */,
				0585660B2E35BE9D00F0A2D6 /* PaymentProjectMVVMTests.xctest */,
				058566182E35C66900F0A2D6 /* PaymentProjectTCATests.xctest */,
			);
			name = Products;
			sourceTree = "<group>";
		};
/* End PBXGroup section */

/* Begin PBXNativeTarget section */
		058565F02E35092E00F0A2D6 /* PaymentProjectMVVM */ = {
			isa = PBXNativeTarget;
			buildConfigurationList = 058565F92E35093000F0A2D6 /* Build configuration list for PBXNativeTarget "PaymentProjectMVVM" */;
			buildPhases = (
				058565ED2E35092E00F0A2D6 /* Sources */,
				058565EE2E35092E00F0A2D6 /* Frameworks */,
				058565EF2E35092E00F0A2D6 /* Resources */,
			);
			buildRules = (
			);
			dependencies = (
			);
			fileSystemSynchronizedGroups = (
				058565F22E35092E00F0A2D6 /* PaymentProjectMVVM */,
			);
			name = PaymentProjectMVVM;
			packageProductDependencies = (
				058566052E350E0100F0A2D6 /* ComposableArchitecture */,
			);
			productName = PaymentProjectMVVM;
			productReference = 058565F12E35092E00F0A2D6 /* PaymentProjectMVVM.app */;
			productType = "com.apple.product-type.application";
		};
		0585660A2E35BE9D00F0A2D6 /* PaymentProjectMVVMTests */ = {
			isa = PBXNativeTarget;
			buildConfigurationList = 058566112E35BE9D00F0A2D6 /* Build configuration list for PBXNativeTarget "PaymentProjectMVVMTests" */;
			buildPhases = (
				058566072E35BE9D00F0A2D6 /* Sources */,
				058566082E35BE9D00F0A2D6 /* Frameworks */,
				058566092E35BE9D00F0A2D6 /* Resources */,
			);
			buildRules = (
			);
			dependencies = (
				058566102E35BE9D00F0A2D6 /* PBXTargetDependency */,
			);
			fileSystemSynchronizedGroups = (
				0585660C2E35BE9D00F0A2D6 /* PaymentProjectMVVMTests */,
			);
			name = PaymentProjectMVVMTests;
			packageProductDependencies = (
			);
			productName = PaymentProjectMVVMTests;
			productReference = 0585660B2E35BE9D00F0A2D6 /* PaymentProjectMVVMTests.xctest */;
			productType = "com.apple.product-type.bundle.unit-test";
		};
		058566172E35C66900F0A2D6 /* PaymentProjectTCATests */ = {
			isa = PBXNativeTarget;
			buildConfigurationList = 0585661E2E35C66900F0A2D6 /* Build configuration list for PBXNativeTarget "PaymentProjectTCATests" */;
			buildPhases = (
				058566142E35C66900F0A2D6 /* Sources */,
				058566152E35C66900F0A2D6 /* Frameworks */,
				058566162E35C66900F0A2D6 /* Resources */,
			);
			buildRules = (
			);
			dependencies = (
				0585661D2E35C66900F0A2D6 /* PBXTargetDependency */,
			);
			fileSystemSynchronizedGroups = (
				058566192E35C66900F0A2D6 /* PaymentProjectTCATests */,
			);
			name = PaymentProjectTCATests;
			packageProductDependencies = (
				058566222E35C68300F0A2D6 /* ComposableArchitecture */,
			);
			productName = PaymentProjectTCATests;
			productReference = 058566182E35C66900F0A2D6 /* PaymentProjectTCATests.xctest */;
			productType = "com.apple.product-type.bundle.unit-test";
		};
		05A0F1F02E31E9A60063A555 /* PaymentProjectTCA */ = {
			isa = PBXNativeTarget;
			buildConfigurationList = 05A0F1FC2E31E9A90063A555 /* Build configuration list for PBXNativeTarget "PaymentProjectTCA" */;
			buildPhases = (
				05A0F1ED2E31E9A60063A555 /* Sources */,
				05A0F1EE2E31E9A60063A555 /* Frameworks */,
				05A0F1EF2E31E9A60063A555 /* Resources */,
			);
			buildRules = (
			);
			dependencies = (
			);
			fileSystemSynchronizedGroups = (
				05A0F1F32E31E9A60063A555 /* PaymentProjectTCA */,
			);
			name = PaymentProjectTCA;
			packageProductDependencies = (
				05A0F2002E31EA8C0063A555 /* ComposableArchitecture */,
			);
			productName = PaymentProject24Jul;
			productReference = 05A0F1F12E31E9A60063A555 /* PaymentProjectTCA.app */;
			productType = "com.apple.product-type.application";
		};
/* End PBXNativeTarget section */

/* Begin PBXProject section */
		05A0F1E92E31E9A60063A555 /* Project object */ = {
			isa = PBXProject;
			attributes = {
				BuildIndependentTargetsInParallel = 1;
				LastSwiftUpdateCheck = 1640;
				LastUpgradeCheck = 1640;
				TargetAttributes = {
					058565F02E35092E00F0A2D6 = {
						CreatedOnToolsVersion = 16.4;
					};
					0585660A2E35BE9D00F0A2D6 = {
						CreatedOnToolsVersion = 16.4;
						TestTargetID = 058565F02E35092E00F0A2D6;
					};
					058566172E35C66900F0A2D6 = {
						CreatedOnToolsVersion = 16.4;
						TestTargetID = 05A0F1F02E31E9A60063A555;
					};
					05A0F1F02E31E9A60063A555 = {
						CreatedOnToolsVersion = 16.4;
					};
				};
			};
			buildConfigurationList = 05A0F1EC2E31E9A60063A555 /* Build configuration list for PBXProject "PaymentProject24Jul" */;
			developmentRegion = en;
			hasScannedForEncodings = 0;
			knownRegions = (
				en,
				Base,
			);
			mainGroup = 05A0F1E82E31E9A60063A555;
			minimizedProjectReferenceProxies = 1;
			packageReferences = (
				05A0F1FF2E31EA8C0063A555 /* XCRemoteSwiftPackageReference "swift-composable-architecture" */,
			);
			preferredProjectObjectVersion = 77;
			productRefGroup = 05A0F1F22E31E9A60063A555 /* Products */;
			projectDirPath = "";
			projectRoot = "";
			targets = (
				05A0F1F02E31E9A60063A555 /* PaymentProjectTCA */,
				058565F02E35092E00F0A2D6 /* PaymentProjectMVVM */,
				0585660A2E35BE9D00F0A2D6 /* PaymentProjectMVVMTests */,
				058566172E35C66900F0A2D6 /* PaymentProjectTCATests */,
			);
		};
/* End PBXProject section */

/* Begin PBXResourcesBuildPhase section */
		058565EF2E35092E00F0A2D6 /* Resources */ = {
			isa = PBXResourcesBuildPhase;
			buildActionMask = 2147483647;
			files = (
			);
			runOnlyForDeploymentPostprocessing = 0;
		};
		058566092E35BE9D00F0A2D6 /* Resources */ = {
			isa = PBXResourcesBuildPhase;
			buildActionMask = 2147483647;
			files = (
			);
			runOnlyForDeploymentPostprocessing = 0;
		};
		058566162E35C66900F0A2D6 /* Resources */ = {
			isa = PBXResourcesBuildPhase;
			buildActionMask = 2147483647;
			files = (
			);
			runOnlyForDeploymentPostprocessing = 0;
		};
		05A0F1EF2E31E9A60063A555 /* Resources */ = {
			isa = PBXResourcesBuildPhase;
			buildActionMask = 2147483647;
			files = (
			);
			runOnlyForDeploymentPostprocessing = 0;
		};
/* End PBXResourcesBuildPhase section */

/* Begin PBXSourcesBuildPhase section */
		058565ED2E35092E00F0A2D6 /* Sources */ = {
			isa = PBXSourcesBuildPhase;
			buildActionMask = 2147483647;
			files = (
			);
			runOnlyForDeploymentPostprocessing = 0;
		};
		058566072E35BE9D00F0A2D6 /* Sources */ = {
			isa = PBXSourcesBuildPhase;
			buildActionMask = 2147483647;
			files = (
			);
			runOnlyForDeploymentPostprocessing = 0;
		};
		058566142E35C66900F0A2D6 /* Sources */ = {
			isa = PBXSourcesBuildPhase;
			buildActionMask = 2147483647;
			files = (
			);
			runOnlyForDeploymentPostprocessing = 0;
		};
		05A0F1ED2E31E9A60063A555 /* Sources */ = {
			isa = PBXSourcesBuildPhase;
			buildActionMask = 2147483647;
			files = (
			);
			runOnlyForDeploymentPostprocessing = 0;
		};
/* End PBXSourcesBuildPhase section */

/* Begin PBXTargetDependency section */
		058566102E35BE9D00F0A2D6 /* PBXTargetDependency */ = {
			isa = PBXTargetDependency;
			target = 058565F02E35092E00F0A2D6 /* PaymentProjectMVVM */;
			targetProxy = 0585660F2E35BE9D00F0A2D6 /* PBXContainerItemProxy */;
		};
		0585661D2E35C66900F0A2D6 /* PBXTargetDependency */ = {
			isa = PBXTargetDependency;
			target = 05A0F1F02E31E9A60063A555 /* PaymentProjectTCA */;
			targetProxy = 0585661C2E35C66900F0A2D6 /* PBXContainerItemProxy */;
		};
/* End PBXTargetDependency section */

/* Begin XCBuildConfiguration section */
		058565FA2E35093000F0A2D6 /* Debug */ = {
			isa = XCBuildConfiguration;
			buildSettings = {
				ASSETCATALOG_COMPILER_APPICON_NAME = AppIcon;
				ASSETCATALOG_COMPILER_GLOBAL_ACCENT_COLOR_NAME = AccentColor;
				CODE_SIGN_STYLE = Automatic;
				CURRENT_PROJECT_VERSION = 1;
				ENABLE_PREVIEWS = YES;
				GENERATE_INFOPLIST_FILE = YES;
				INFOPLIST_KEY_UIApplicationSceneManifest_Generation = YES;
				INFOPLIST_KEY_UIApplicationSupportsIndirectInputEvents = YES;
				INFOPLIST_KEY_UILaunchScreen_Generation = YES;
				INFOPLIST_KEY_UISupportedInterfaceOrientations_iPad = "UIInterfaceOrientationPortrait UIInterfaceOrientationPortraitUpsideDown UIInterfaceOrientationLandscapeLeft UIInterfaceOrientationLandscapeRight";
				INFOPLIST_KEY_UISupportedInterfaceOrientations_iPhone = "UIInterfaceOrientationPortrait UIInterfaceOrientationLandscapeLeft UIInterfaceOrientationLandscapeRight";
				LD_RUNPATH_SEARCH_PATHS = (
					"$(inherited)",
					"@executable_path/Frameworks",
				);
				MARKETING_VERSION = 1.0;
				PRODUCT_BUNDLE_IDENTIFIER = kaiserdem.PaymentProjectMVVM;
				PRODUCT_NAME = "$(TARGET_NAME)";
				SWIFT_EMIT_LOC_STRINGS = YES;
				SWIFT_VERSION = 5.0;
				TARGETED_DEVICE_FAMILY = "1,2";
			};
			name = Debug;
		};
		058565FB2E35093000F0A2D6 /* Release */ = {
			isa = XCBuildConfiguration;
			buildSettings = {
				ASSETCATALOG_COMPILER_APPICON_NAME = AppIcon;
				ASSETCATALOG_COMPILER_GLOBAL_ACCENT_COLOR_NAME = AccentColor;
				CODE_SIGN_STYLE = Automatic;
				CURRENT_PROJECT_VERSION = 1;
				ENABLE_PREVIEWS = YES;
				GENERATE_INFOPLIST_FILE = YES;
				INFOPLIST_KEY_UIApplicationSceneManifest_Generation = YES;
				INFOPLIST_KEY_UIApplicationSupportsIndirectInputEvents = YES;
				INFOPLIST_KEY_UILaunchScreen_Generation = YES;
				INFOPLIST_KEY_UISupportedInterfaceOrientations_iPad = "UIInterfaceOrientationPortrait UIInterfaceOrientationPortraitUpsideDown UIInterfaceOrientationLandscapeLeft UIInterfaceOrientationLandscapeRight";
				INFOPLIST_KEY_UISupportedInterfaceOrientations_iPhone = "UIInterfaceOrientationPortrait UIInterfaceOrientationLandscapeLeft UIInterfaceOrientationLandscapeRight";
				LD_RUNPATH_SEARCH_PATHS = (
					"$(inherited)",
					"@executable_path/Frameworks",
				);
				MARKETING_VERSION = 1.0;
				PRODUCT_BUNDLE_IDENTIFIER = kaiserdem.PaymentProjectMVVM;
				PRODUCT_NAME = "$(TARGET_NAME)";
				SWIFT_EMIT_LOC_STRINGS = YES;
				SWIFT_VERSION = 5.0;
				TARGETED_DEVICE_FAMILY = "1,2";
			};
			name = Release;
		};
		058566122E35BE9D00F0A2D6 /* Debug */ = {
			isa = XCBuildConfiguration;
			buildSettings = {
				BUNDLE_LOADER = "$(TEST_HOST)";
				CODE_SIGN_STYLE = Automatic;
				CURRENT_PROJECT_VERSION = 1;
				GENERATE_INFOPLIST_FILE = YES;
				MARKETING_VERSION = 1.0;
				PRODUCT_BUNDLE_IDENTIFIER = kaiserdem.PaymentProjectMVVMTests;
				PRODUCT_NAME = "$(TARGET_NAME)";
				SWIFT_EMIT_LOC_STRINGS = NO;
				SWIFT_VERSION = 5.0;
				TARGETED_DEVICE_FAMILY = "1,2";
				TEST_HOST = "$(BUILT_PRODUCTS_DIR)/PaymentProjectMVVM.app/$(BUNDLE_EXECUTABLE_FOLDER_PATH)/PaymentProjectMVVM";
			};
			name = Debug;
		};
		058566132E35BE9D00F0A2D6 /* Release */ = {
			isa = XCBuildConfiguration;
			buildSettings = {
				BUNDLE_LOADER = "$(TEST_HOST)";
				CODE_SIGN_STYLE = Automatic;
				CURRENT_PROJECT_VERSION = 1;
				GENERATE_INFOPLIST_FILE = YES;
				MARKETING_VERSION = 1.0;
				PRODUCT_BUNDLE_IDENTIFIER = kaiserdem.PaymentProjectMVVMTests;
				PRODUCT_NAME = "$(TARGET_NAME)";
				SWIFT_EMIT_LOC_STRINGS = NO;
				SWIFT_VERSION = 5.0;
				TARGETED_DEVICE_FAMILY = "1,2";
				TEST_HOST = "$(BUILT_PRODUCTS_DIR)/PaymentProjectMVVM.app/$(BUNDLE_EXECUTABLE_FOLDER_PATH)/PaymentProjectMVVM";
			};
			name = Release;
		};
		0585661F2E35C66900F0A2D6 /* Debug */ = {
			isa = XCBuildConfiguration;
			buildSettings = {
				BUNDLE_LOADER = "$(TEST_HOST)";
				CODE_SIGN_STYLE = Automatic;
				CURRENT_PROJECT_VERSION = 1;
				GENERATE_INFOPLIST_FILE = YES;
				MARKETING_VERSION = 1.0;
				PRODUCT_BUNDLE_IDENTIFIER = kaiserdem.PaymentProjectTCATests;
				PRODUCT_NAME = "$(TARGET_NAME)";
				SWIFT_EMIT_LOC_STRINGS = NO;
				SWIFT_VERSION = 5.0;
				TARGETED_DEVICE_FAMILY = "1,2";
				TEST_HOST = "$(BUILT_PRODUCTS_DIR)/PaymentProjectTCA.app/$(BUNDLE_EXECUTABLE_FOLDER_PATH)/PaymentProjectTCA";
			};
			name = Debug;
		};
		058566202E35C66900F0A2D6 /* Release */ = {
			isa = XCBuildConfiguration;
			buildSettings = {
				BUNDLE_LOADER = "$(TEST_HOST)";
				CODE_SIGN_STYLE = Automatic;
				CURRENT_PROJECT_VERSION = 1;
				GENERATE_INFOPLIST_FILE = YES;
				MARKETING_VERSION = 1.0;
				PRODUCT_BUNDLE_IDENTIFIER = kaiserdem.PaymentProjectTCATests;
				PRODUCT_NAME = "$(TARGET_NAME)";
				SWIFT_EMIT_LOC_STRINGS = NO;
				SWIFT_VERSION = 5.0;
				TARGETED_DEVICE_FAMILY = "1,2";
				TEST_HOST = "$(BUILT_PRODUCTS_DIR)/PaymentProjectTCA.app/$(BUNDLE_EXECUTABLE_FOLDER_PATH)/PaymentProjectTCA";
			};
			name = Release;
		};
		05A0F1FA2E31E9A90063A555 /* Debug */ = {
			isa = XCBuildConfiguration;
			buildSettings = {
				ALWAYS_SEARCH_USER_PATHS = NO;
				ASSETCATALOG_COMPILER_GENERATE_SWIFT_ASSET_SYMBOL_EXTENSIONS = YES;
				CLANG_ANALYZER_NONNULL = YES;
				CLANG_ANALYZER_NUMBER_OBJECT_CONVERSION = YES_AGGRESSIVE;
				CLANG_CXX_LANGUAGE_STANDARD = "gnu++20";
				CLANG_ENABLE_MODULES = YES;
				CLANG_ENABLE_OBJC_ARC = YES;
				CLANG_ENABLE_OBJC_WEAK = YES;
				CLANG_WARN_BLOCK_CAPTURE_AUTORELEASING = YES;
				CLANG_WARN_BOOL_CONVERSION = YES;
				CLANG_WARN_COMMA = YES;
				CLANG_WARN_CONSTANT_CONVERSION = YES;
				CLANG_WARN_DEPRECATED_OBJC_IMPLEMENTATIONS = YES;
				CLANG_WARN_DIRECT_OBJC_ISA_USAGE = YES_ERROR;
				CLANG_WARN_DOCUMENTATION_COMMENTS = YES;
				CLANG_WARN_EMPTY_BODY = YES;
				CLANG_WARN_ENUM_CONVERSION = YES;
				CLANG_WARN_INFINITE_RECURSION = YES;
				CLANG_WARN_INT_CONVERSION = YES;
				CLANG_WARN_NON_LITERAL_NULL_CONVERSION = YES;
				CLANG_WARN_OBJC_IMPLICIT_RETAIN_SELF = YES;
				CLANG_WARN_OBJC_LITERAL_CONVERSION = YES;
				CLANG_WARN_OBJC_ROOT_CLASS = YES_ERROR;
				CLANG_WARN_QUOTED_INCLUDE_IN_FRAMEWORK_HEADER = YES;
				CLANG_WARN_RANGE_LOOP_ANALYSIS = YES;
				CLANG_WARN_STRICT_PROTOTYPES = YES;
				CLANG_WARN_SUSPICIOUS_MOVE = YES;
				CLANG_WARN_UNGUARDED_AVAILABILITY = YES_AGGRESSIVE;
				CLANG_WARN_UNREACHABLE_CODE = YES;
				CLANG_WARN__DUPLICATE_METHOD_MATCH = YES;
				COPY_PHASE_STRIP = NO;
				DEBUG_INFORMATION_FORMAT = dwarf;
				ENABLE_STRICT_OBJC_MSGSEND = YES;
				ENABLE_TESTABILITY = YES;
				ENABLE_USER_SCRIPT_SANDBOXING = YES;
				GCC_C_LANGUAGE_STANDARD = gnu17;
				GCC_DYNAMIC_NO_PIC = NO;
				GCC_NO_COMMON_BLOCKS = YES;
				GCC_OPTIMIZATION_LEVEL = 0;
				GCC_PREPROCESSOR_DEFINITIONS = (
					"DEBUG=1",
					"$(inherited)",
				);
				GCC_WARN_64_TO_32_BIT_CONVERSION = YES;
				GCC_WARN_ABOUT_RETURN_TYPE = YES_ERROR;
				GCC_WARN_UNDECLARED_SELECTOR = YES;
				GCC_WARN_UNINITIALIZED_AUTOS = YES_AGGRESSIVE;
				GCC_WARN_UNUSED_FUNCTION = YES;
				GCC_WARN_UNUSED_VARIABLE = YES;
				IPHONEOS_DEPLOYMENT_TARGET = 18.5;
				LOCALIZATION_PREFERS_STRING_CATALOGS = YES;
				MTL_ENABLE_DEBUG_INFO = INCLUDE_SOURCE;
				MTL_FAST_MATH = YES;
				ONLY_ACTIVE_ARCH = YES;
				SDKROOT = iphoneos;
				SWIFT_ACTIVE_COMPILATION_CONDITIONS = "DEBUG $(inherited)";
				SWIFT_OPTIMIZATION_LEVEL = "-Onone";
			};
			name = Debug;
		};
		05A0F1FB2E31E9A90063A555 /* Release */ = {
			isa = XCBuildConfiguration;
			buildSettings = {
				ALWAYS_SEARCH_USER_PATHS = NO;
				ASSETCATALOG_COMPILER_GENERATE_SWIFT_ASSET_SYMBOL_EXTENSIONS = YES;
				CLANG_ANALYZER_NONNULL = YES;
				CLANG_ANALYZER_NUMBER_OBJECT_CONVERSION = YES_AGGRESSIVE;
				CLANG_CXX_LANGUAGE_STANDARD = "gnu++20";
				CLANG_ENABLE_MODULES = YES;
				CLANG_ENABLE_OBJC_ARC = YES;
				CLANG_ENABLE_OBJC_WEAK = YES;
				CLANG_WARN_BLOCK_CAPTURE_AUTORELEASING = YES;
				CLANG_WARN_BOOL_CONVERSION = YES;
				CLANG_WARN_COMMA = YES;
				CLANG_WARN_CONSTANT_CONVERSION = YES;
				CLANG_WARN_DEPRECATED_OBJC_IMPLEMENTATIONS = YES;
				CLANG_WARN_DIRECT_OBJC_ISA_USAGE = YES_ERROR;
				CLANG_WARN_DOCUMENTATION_COMMENTS = YES;
				CLANG_WARN_EMPTY_BODY = YES;
				CLANG_WARN_ENUM_CONVERSION = YES;
				CLANG_WARN_INFINITE_RECURSION = YES;
				CLANG_WARN_INT_CONVERSION = YES;
				CLANG_WARN_NON_LITERAL_NULL_CONVERSION = YES;
				CLANG_WARN_OBJC_IMPLICIT_RETAIN_SELF = YES;
				CLANG_WARN_OBJC_LITERAL_CONVERSION = YES;
				CLANG_WARN_OBJC_ROOT_CLASS = YES_ERROR;
				CLANG_WARN_QUOTED_INCLUDE_IN_FRAMEWORK_HEADER = YES;
				CLANG_WARN_RANGE_LOOP_ANALYSIS = YES;
				CLANG_WARN_STRICT_PROTOTYPES = YES;
				CLANG_WARN_SUSPICIOUS_MOVE = YES;
				CLANG_WARN_UNGUARDED_AVAILABILITY = YES_AGGRESSIVE;
				CLANG_WARN_UNREACHABLE_CODE = YES;
				CLANG_WARN__DUPLICATE_METHOD_MATCH = YES;
				COPY_PHASE_STRIP = NO;
				DEBUG_INFORMATION_FORMAT = "dwarf-with-dsym";
				ENABLE_NS_ASSERTIONS = NO;
				ENABLE_STRICT_OBJC_MSGSEND = YES;
				ENABLE_USER_SCRIPT_SANDBOXING = YES;
				GCC_C_LANGUAGE_STANDARD = gnu17;
				GCC_NO_COMMON_BLOCKS = YES;
				GCC_WARN_64_TO_32_BIT_CONVERSION = YES;
				GCC_WARN_ABOUT_RETURN_TYPE = YES_ERROR;
				GCC_WARN_UNDECLARED_SELECTOR = YES;
				GCC_WARN_UNINITIALIZED_AUTOS = YES_AGGRESSIVE;
				GCC_WARN_UNUSED_FUNCTION = YES;
				GCC_WARN_UNUSED_VARIABLE = YES;
				IPHONEOS_DEPLOYMENT_TARGET = 18.5;
				LOCALIZATION_PREFERS_STRING_CATALOGS = YES;
				MTL_ENABLE_DEBUG_INFO = NO;
				MTL_FAST_MATH = YES;
				SDKROOT = iphoneos;
				SWIFT_COMPILATION_MODE = wholemodule;
				VALIDATE_PRODUCT = YES;
			};
			name = Release;
		};
		05A0F1FD2E31E9A90063A555 /* Debug */ = {
			isa = XCBuildConfiguration;
			buildSettings = {
				ASSETCATALOG_COMPILER_APPICON_NAME = AppIcon;
				ASSETCATALOG_COMPILER_GLOBAL_ACCENT_COLOR_NAME = AccentColor;
				CODE_SIGN_STYLE = Automatic;
				CURRENT_PROJECT_VERSION = 1;
				ENABLE_PREVIEWS = YES;
				GENERATE_INFOPLIST_FILE = YES;
				INFOPLIST_KEY_UIApplicationSceneManifest_Generation = YES;
				INFOPLIST_KEY_UIApplicationSupportsIndirectInputEvents = YES;
				INFOPLIST_KEY_UILaunchScreen_Generation = YES;
				INFOPLIST_KEY_UISupportedInterfaceOrientations_iPad = "UIInterfaceOrientationPortrait UIInterfaceOrientationPortraitUpsideDown UIInterfaceOrientationLandscapeLeft UIInterfaceOrientationLandscapeRight";
				INFOPLIST_KEY_UISupportedInterfaceOrientations_iPhone = "UIInterfaceOrientationPortrait UIInterfaceOrientationLandscapeLeft UIInterfaceOrientationLandscapeRight";
				IPHONEOS_DEPLOYMENT_TARGET = 17.6;
				LD_RUNPATH_SEARCH_PATHS = (
					"$(inherited)",
					"@executable_path/Frameworks",
				);
				MARKETING_VERSION = 1.0;
				PRODUCT_BUNDLE_IDENTIFIER = kaiserdem.PaymentProjectTCA;
				PRODUCT_NAME = "$(TARGET_NAME)";
				SUPPORTED_PLATFORMS = "iphoneos iphonesimulator";
				SUPPORTS_MACCATALYST = NO;
				SUPPORTS_MAC_DESIGNED_FOR_IPHONE_IPAD = NO;
				SUPPORTS_XR_DESIGNED_FOR_IPHONE_IPAD = NO;
				SWIFT_EMIT_LOC_STRINGS = YES;
				SWIFT_VERSION = 5.0;
				TARGETED_DEVICE_FAMILY = 1;
			};
			name = Debug;
		};
		05A0F1FE2E31E9A90063A555 /* Release */ = {
			isa = XCBuildConfiguration;
			buildSettings = {
				ASSETCATALOG_COMPILER_APPICON_NAME = AppIcon;
				ASSETCATALOG_COMPILER_GLOBAL_ACCENT_COLOR_NAME = AccentColor;
				CODE_SIGN_STYLE = Automatic;
				CURRENT_PROJECT_VERSION = 1;
				ENABLE_PREVIEWS = YES;
				GENERATE_INFOPLIST_FILE = YES;
				INFOPLIST_KEY_UIApplicationSceneManifest_Generation = YES;
				INFOPLIST_KEY_UIApplicationSupportsIndirectInputEvents = YES;
				INFOPLIST_KEY_UILaunchScreen_Generation = YES;
				INFOPLIST_KEY_UISupportedInterfaceOrientations_iPad = "UIInterfaceOrientationPortrait UIInterfaceOrientationPortraitUpsideDown UIInterfaceOrientationLandscapeLeft UIInterfaceOrientationLandscapeRight";
				INFOPLIST_KEY_UISupportedInterfaceOrientations_iPhone = "UIInterfaceOrientationPortrait UIInterfaceOrientationLandscapeLeft UIInterfaceOrientationLandscapeRight";
				IPHONEOS_DEPLOYMENT_TARGET = 17.6;
				LD_RUNPATH_SEARCH_PATHS = (
					"$(inherited)",
					"@executable_path/Frameworks",
				);
				MARKETING_VERSION = 1.0;
				PRODUCT_BUNDLE_IDENTIFIER = kaiserdem.PaymentProjectTCA;
				PRODUCT_NAME = "$(TARGET_NAME)";
				SUPPORTED_PLATFORMS = "iphoneos iphonesimulator";
				SUPPORTS_MACCATALYST = NO;
				SUPPORTS_MAC_DESIGNED_FOR_IPHONE_IPAD = NO;
				SUPPORTS_XR_DESIGNED_FOR_IPHONE_IPAD = NO;
				SWIFT_EMIT_LOC_STRINGS = YES;
				SWIFT_VERSION = 5.0;
				TARGETED_DEVICE_FAMILY = 1;
			};
			name = Release;
		};
/* End XCBuildConfiguration section */

/* Begin XCConfigurationList section */
		058565F92E35093000F0A2D6 /* Build configuration list for PBXNativeTarget "PaymentProjectMVVM" */ = {
			isa = XCConfigurationList;
			buildConfigurations = (
				058565FA2E35093000F0A2D6 /* Debug */,
				058565FB2E35093000F0A2D6 /* Release */,
			);
			defaultConfigurationIsVisible = 0;
			defaultConfigurationName = Release;
		};
		058566112E35BE9D00F0A2D6 /* Build configuration list for PBXNativeTarget "PaymentProjectMVVMTests" */ = {
			isa = XCConfigurationList;
			buildConfigurations = (
				058566122E35BE9D00F0A2D6 /* Debug */,
				058566132E35BE9D00F0A2D6 /* Release */,
			);
			defaultConfigurationIsVisible = 0;
			defaultConfigurationName = Release;
		};
		0585661E2E35C66900F0A2D6 /* Build configuration list for PBXNativeTarget "PaymentProjectTCATests" */ = {
			isa = XCConfigurationList;
			buildConfigurations = (
				0585661F2E35C66900F0A2D6 /* Debug */,
				058566202E35C66900F0A2D6 /* Release */,
			);
			defaultConfigurationIsVisible = 0;
			defaultConfigurationName = Release;
		};
		05A0F1EC2E31E9A60063A555 /* Build configuration list for PBXProject "PaymentProject24Jul" */ = {
			isa = XCConfigurationList;
			buildConfigurations = (
				05A0F1FA2E31E9A90063A555 /* Debug */,
				05A0F1FB2E31E9A90063A555 /* Release */,
			);
			defaultConfigurationIsVisible = 0;
			defaultConfigurationName = Release;
		};
		05A0F1FC2E31E9A90063A555 /* Build configuration list for PBXNativeTarget "PaymentProjectTCA" */ = {
			isa = XCConfigurationList;
			buildConfigurations = (
				05A0F1FD2E31E9A90063A555 /* Debug */,
				05A0F1FE2E31E9A90063A555 /* Release */,
			);
			defaultConfigurationIsVisible = 0;
			defaultConfigurationName = Release;
		};
/* End XCConfigurationList section */

/* Begin XCRemoteSwiftPackageReference section */
		05A0F1FF2E31EA8C0063A555 /* XCRemoteSwiftPackageReference "swift-composable-architecture" */ = {
			isa = XCRemoteSwiftPackageReference;
			repositoryURL = "https://github.com/pointfreeco/swift-composable-architecture";
			requirement = {
				kind = upToNextMajorVersion;
				minimumVersion = 1.20.2;
			};
		};
/* End XCRemoteSwiftPackageReference section */

/* Begin XCSwiftPackageProductDependency section */
		058566052E350E0100F0A2D6 /* ComposableArchitecture */ = {
			isa = XCSwiftPackageProductDependency;
			package = 05A0F1FF2E31EA8C0063A555 /* XCRemoteSwiftPackageReference "swift-composable-architecture" */;
			productName = ComposableArchitecture;
		};
		058566222E35C68300F0A2D6 /* ComposableArchitecture */ = {
			isa = XCSwiftPackageProductDependency;
			package = 05A0F1FF2E31EA8C0063A555 /* XCRemoteSwiftPackageReference "swift-composable-architecture" */;
			productName = ComposableArchitecture;
		};
		05A0F2002E31EA8C0063A555 /* ComposableArchitecture */ = {
			isa = XCSwiftPackageProductDependency;
			package = 05A0F1FF2E31EA8C0063A555 /* XCRemoteSwiftPackageReference "swift-composable-architecture" */;
			productName = ComposableArchitecture;
		};
/* End XCSwiftPackageProductDependency section */
	};
	rootObject = 05A0F1E92E31E9A60063A555 /* Project object */;
}
